
Microsoft Visual Studio Solution File, Format Version 12.00
# Visual Studio Version 17
VisualStudioVersion = 17.13.35818.85 d17.13
MinimumVisualStudioVersion = 10.0.40219.1
Project("{8BC9CEB8-8B4A-11D0-8D11-00A0C91BC942}") = "00_EdgardHernandezYuminMartinez_AA2_1", "00_EdgardHernandezYuminMartinez_AA2_1\00_EdgardHernandezYuminMartinez_AA2_1.vcxproj", "{CEB767AB-6B26-473F-84AC-041998D21DA6}"
EndProject
Global
	GlobalSection(SolutionConfigurationPlatforms) = preSolution
		Debug|x64 = Debug|x64
		Debug|x86 = Debug|x86
		Release|x64 = Release|x64
		Release|x86 = Release|x86
	EndGlobalSection
	GlobalSection(ProjectConfigurationPlatforms) = postSolution
		{CEB767AB-6B26-473F-84AC-041998D21DA6}.Debug|x64.ActiveCfg = Debug|x64
		{CEB767AB-6B26-473F-84AC-041998D21DA6}.Debug|x64.Build.0 = Debug|x64
		{CEB767AB-6B26-473F-84AC-041998D21DA6}.Debug|x86.ActiveCfg = Debug|Win32
		{CEB767AB-6B26-473F-84AC-041998D21DA6}.Debug|x86.Build.0 = Debug|Win32
		{CEB767AB-6B26-473F-84AC-041998D21DA6}.Release|x64.ActiveCfg = Release|x64
		{CEB767AB-6B26-473F-84AC-041998D21DA6}.Release|x64.Build.0 = Release|x64
		{CEB767AB-6B26-473F-84AC-041998D21DA6}.Release|x86.ActiveCfg = Release|Win32
		{CEB767AB-6B26-473F-84AC-041998D21DA6}.Release|x86.Build.0 = Release|Win32
	EndGlobalSection
	GlobalSection(SolutionProperties) = preSolution
		HideSolutionNode = FALSE
	EndGlobalSection
	GlobalSection(ExtensibilityGlobals) = postSolution
		SolutionGuid = {473B3A6F-56CC-4795-948F-03B4978A4898}
	EndGlobalSection
EndGlobal
